
Microsoft Visual Studio Solution File, Format Version 12.00
# Visual Studio Version 17
VisualStudioVersion = 17.5.33424.131
MinimumVisualStudioVersion = 10.0.40219.1
Project("{FAE04EC0-301F-11D3-BF4B-00C04F79EFBC}") = "CodeWarsKatas", "CodeWarsKatas\CodeWarsKatas.csproj", "{FB83EF8C-BCB5-45C0-B59E-BD84FCA33627}"
EndProject
Global
	GlobalSection(SolutionConfigurationPlatforms) = preSolution
		Debug|Any CPU = Debug|Any CPU
		Release|Any CPU = Release|Any CPU
	EndGlobalSection
	GlobalSection(ProjectConfigurationPlatforms) = postSolution
		{FB83EF8C-BCB5-45C0-B59E-BD84FCA33627}.Debug|Any CPU.ActiveCfg = Debug|Any CPU
		{FB83EF8C-BCB5-45C0-B59E-BD84FCA33627}.Debug|Any CPU.Build.0 = Debug|Any CPU
		{FB83EF8C-BCB5-45C0-B59E-BD84FCA33627}.Release|Any CPU.ActiveCfg = Release|Any CPU
		{FB83EF8C-BCB5-45C0-B59E-BD84FCA33627}.Release|Any CPU.Build.0 = Release|Any CPU
	EndGlobalSection
	GlobalSection(SolutionProperties) = preSolution
		HideSolutionNode = FALSE
	EndGlobalSection
	GlobalSection(ExtensibilityGlobals) = postSolution
		SolutionGuid = {6F189E2C-97C9-4E38-AC21-A800D6CA5EB1}
	EndGlobalSection
EndGlobal
